
Microsoft Visual Studio Solution File, Format Version 12.00
# Visual Studio Version 17
VisualStudioVersion = 17.7.34024.191
MinimumVisualStudioVersion = 10.0.40219.1
Project("{FAE04EC0-301F-11D3-BF4B-00C04F79EFBC}") = "lesson3", "lesson3\lesson3.csproj", "{0EFC0CC9-DD93-4EB9-BEA6-250D532A60C8}"
EndProject
Global
	GlobalSection(SolutionConfigurationPlatforms) = preSolution
		Debug|Any CPU = Debug|Any CPU
		Release|Any CPU = Release|Any CPU
	EndGlobalSection
	GlobalSection(ProjectConfigurationPlatforms) = postSolution
		{0EFC0CC9-DD93-4EB9-BEA6-250D532A60C8}.Debug|Any CPU.ActiveCfg = Debug|Any CPU
		{0EFC0CC9-DD93-4EB9-BEA6-250D532A60C8}.Debug|Any CPU.Build.0 = Debug|Any CPU
		{0EFC0CC9-DD93-4EB9-BEA6-250D532A60C8}.Release|Any CPU.ActiveCfg = Release|Any CPU
		{0EFC0CC9-DD93-4EB9-BEA6-250D532A60C8}.Release|Any CPU.Build.0 = Release|Any CPU
	EndGlobalSection
	GlobalSection(SolutionProperties) = preSolution
		HideSolutionNode = FALSE
	EndGlobalSection
	GlobalSection(ExtensibilityGlobals) = postSolution
		SolutionGuid = {9E53FBA7-5D5C-4794-A1F1-468FCE7F2DD8}
	EndGlobalSection
EndGlobal
